
Microsoft Visual Studio Solution File, Format Version 12.00
# Visual Studio Version 17
VisualStudioVersion = 17.11.35312.102
MinimumVisualStudioVersion = 10.0.40219.1
Project("{8BC9CEB8-8B4A-11D0-8D11-00A0C91BC942}") = "Cuadrados de colores", "Cuadrados de colores\Cuadrados de colores.vcxproj", "{A8F7F47D-A034-479D-8B59-41E5F7F3CEFC}"
EndProject
Global
	GlobalSection(SolutionConfigurationPlatforms) = preSolution
		Debug|x64 = Debug|x64
		Debug|x86 = Debug|x86
		Release|x64 = Release|x64
		Release|x86 = Release|x86
	EndGlobalSection
	GlobalSection(ProjectConfigurationPlatforms) = postSolution
		{A8F7F47D-A034-479D-8B59-41E5F7F3CEFC}.Debug|x64.ActiveCfg = Debug|x64
		{A8F7F47D-A034-479D-8B59-41E5F7F3CEFC}.Debug|x64.Build.0 = Debug|x64
		{A8F7F47D-A034-479D-8B59-41E5F7F3CEFC}.Debug|x86.ActiveCfg = Debug|Win32
		{A8F7F47D-A034-479D-8B59-41E5F7F3CEFC}.Debug|x86.Build.0 = Debug|Win32
		{A8F7F47D-A034-479D-8B59-41E5F7F3CEFC}.Release|x64.ActiveCfg = Release|x64
		{A8F7F47D-A034-479D-8B59-41E5F7F3CEFC}.Release|x64.Build.0 = Release|x64
		{A8F7F47D-A034-479D-8B59-41E5F7F3CEFC}.Release|x86.ActiveCfg = Release|Win32
		{A8F7F47D-A034-479D-8B59-41E5F7F3CEFC}.Release|x86.Build.0 = Release|Win32
	EndGlobalSection
	GlobalSection(SolutionProperties) = preSolution
		HideSolutionNode = FALSE
	EndGlobalSection
	GlobalSection(ExtensibilityGlobals) = postSolution
		SolutionGuid = {FAB38970-A1F9-4CB9-8672-37E8C7ECC2B8}
	EndGlobalSection
EndGlobal
